<?xml version="1.0" encoding="utf-8"?>
<Project ToolsVersion="4.0" xmlns="http://schemas.microsoft.com/developer/msbuild/2003">
  <ItemGroup>
    <Filter Include="源文件">
      <UniqueIdentifier>{4FC737F1-C7A5-4376-A066-2A32D752A2FF}</UniqueIdentifier>
      <Extensions>cpp;c;cc;cxx;def;odl;idl;hpj;bat;asm;asmx</Extensions>
    </Filter>
    <Filter Include="头文件">
      <UniqueIdentifier>{93995380-89BD-4b04-88EB-625FBE52EBFB}</UniqueIdentifier>
      <Extensions>h;hpp;hxx;hm;inl;inc;xsd</Extensions>
    </Filter>
    <Filter Include="资源文件">
      <UniqueIdentifier>{67DA6AB6-F800-4c08-8B7A-83BB121AAD01}</UniqueIdentifier>
      <Extensions>rc;ico;cur;bmp;dlg;rc2;rct;bin;rgs;gif;jpg;jpeg;jpe;resx;tiff;tif;png;wav;mfcribbon-ms</Extensions>
    </Filter>
  </ItemGroup>
  <ItemGroup>
    <ClCompile Include="main.cpp">
      <Filter>源文件</Filter>
    </ClCompile>
    <ClCompile Include="DetectWithOpticalFlow.cpp">
      <Filter>源文件</Filter>
    </ClCompile>
    <ClCompile Include="polyfit.cpp">
      <Filter>源文件</Filter>
    </ClCompile>
    <ClCompile Include="objdet.cpp">
      <Filter>源文件</Filter>
    </ClCompile>
    <ClCompile Include="detect.cpp">
      <Filter>源文件</Filter>
    </ClCompile>
    <ClCompile Include="DetectMotionTempl.cpp">
      <Filter>源文件</Filter>
    </ClCompile>
    <ClCompile Include="SkinMask.cpp">
      <Filter>源文件</Filter>
    </ClCompile>
    <ClCompile Include="DetectWithOF.cpp">
      <Filter>源文件</Filter>
    </ClCompile>
    <ClCompile Include="DetectWithOF2.cpp">
      <Filter>源文件</Filter>
    </ClCompile>
    <ClCompile Include="DetectWithOF3.cpp">
      <Filter>源文件</Filter>
    </ClCompile>
    <ClCompile Include="ct\CompressiveTracker.cpp">
      <Filter>源文件</Filter>
    </ClCompile>
    <ClCompile Include="DetectWithCT.cpp">
      <Filter>源文件</Filter>
    </ClCompile>
    <ClCompile Include="DetectWithOF4.cpp">
      <Filter>源文件</Filter>
    </ClCompile>
    <ClCompile Include="DetectWithOF5.cpp">
      <Filter>源文件</Filter>
    </ClCompile>
  </ItemGroup>
  <ItemGroup>
    <None Include="exports.def">
      <Filter>源文件</Filter>
    </None>
    <None Include="info.txt" />
  </ItemGroup>
  <ItemGroup>
    <ClInclude Include="DetectWithOpticalFlow.h">
      <Filter>头文件</Filter>
    </ClInclude>
    <ClInclude Include="detect.h">
      <Filter>头文件</Filter>
    </ClInclude>
    <ClInclude Include="polyfit.h">
      <Filter>头文件</Filter>
    </ClInclude>
    <ClInclude Include="objdet.h">
      <Filter>头文件</Filter>
    </ClInclude>
    <ClInclude Include="DetectMotionTempl.h">
      <Filter>头文件</Filter>
    </ClInclude>
    <ClInclude Include="SkinMask.h">
      <Filter>头文件</Filter>
    </ClInclude>
    <ClInclude Include="DetectWithOF.h">
      <Filter>头文件</Filter>
    </ClInclude>
    <ClInclude Include="DetectWithOF2.h">
      <Filter>头文件</Filter>
    </ClInclude>
    <ClInclude Include="DetectWithOF3.h">
      <Filter>头文件</Filter>
    </ClInclude>
    <ClInclude Include="ct\CompressiveTracker.h">
      <Filter>头文件</Filter>
    </ClInclude>
    <ClInclude Include="DetectWithCT.h">
      <Filter>头文件</Filter>
    </ClInclude>
    <ClInclude Include="DetectWithOF4.h">
      <Filter>头文件</Filter>
    </ClInclude>
    <ClInclude Include="History.h">
      <Filter>头文件</Filter>
    </ClInclude>
    <ClInclude Include="DetectWithOF5.h">
      <Filter>头文件</Filter>
    </ClInclude>
  </ItemGroup>
</Project>